
Microsoft Visual Studio Solution File, Format Version 12.00
# Visual Studio Version 17
VisualStudioVersion = 17.1.32210.238
MinimumVisualStudioVersion = 10.0.40219.1
Project("{8BC9CEB8-8B4A-11D0-8D11-00A0C91BC942}") = "hist", "hist.vcxproj", "{494C948C-BF0C-3CB6-95C8-DDA82C9B2966}"
EndProject
Global
	GlobalSection(SolutionConfigurationPlatforms) = preSolution
		Debug|x64 = Debug|x64
		Release|x64 = Release|x64
	EndGlobalSection
	GlobalSection(ProjectConfigurationPlatforms) = postSolution
		{494C948C-BF0C-3CB6-95C8-DDA82C9B2966}.Debug|x64.ActiveCfg = Debug|x64
		{494C948C-BF0C-3CB6-95C8-DDA82C9B2966}.Debug|x64.Build.0 = Debug|x64
		{494C948C-BF0C-3CB6-95C8-DDA82C9B2966}.Release|x64.ActiveCfg = Release|x64
		{494C948C-BF0C-3CB6-95C8-DDA82C9B2966}.Release|x64.Build.0 = Release|x64
	EndGlobalSection
	GlobalSection(SolutionProperties) = preSolution
		HideSolutionNode = FALSE
	EndGlobalSection
	GlobalSection(ExtensibilityGlobals) = postSolution
		SolutionGuid = {E23E3950-1EFC-4877-A2DA-CC02EFC46BA2}
	EndGlobalSection
EndGlobal
